{
  "name": "@aristov/uimodule",
  "version": "0.0.0",
  "lockfileVersion": 1,
  "requires": true,
  "dependencies": {
    "ariamodule": {
      "version": "github:aristov/ariamodule#1b8ec1398f322d1318152b51a4234432fc81ecd9",
      "from": "github:aristov/ariamodule",
      "requires": {
        "dommodule": "github:aristov/dommodule#ce3f2348aaa73b41afeffa2b485fa535203d6c04",
        "htmlmodule": "github:aristov/htmlmodule#9df86ba3235d7aa8b7133cdc6a6cbfb9c4f2cdd0"
      }
    },
    "dommodule": {
      "version": "github:aristov/dommodule#ce3f2348aaa73b41afeffa2b485fa535203d6c04",
      "from": "github:aristov/dommodule",
      "requires": {
        "esmodule": "github:aristov/esmodule#f3e5417bd91bd3d31cd63dc4713eb17aba99b656"
      }
    },
    "esmodule": {
      "version": "github:aristov/esmodule#f3e5417bd91bd3d31cd63dc4713eb17aba99b656",
      "from": "github:aristov/esmodule"
    },
    "htmlmodule": {
      "version": "github:aristov/htmlmodule#9df86ba3235d7aa8b7133cdc6a6cbfb9c4f2cdd0",
      "from": "github:aristov/htmlmodule",
      "requires": {
        "dommodule": "github:aristov/dommodule#ce3f2348aaa73b41afeffa2b485fa535203d6c04"
      }
    }
  }
}
